<Solution>
  <Project Path="CommentsApp.Application/CommentsApp.Application.csproj" />
  <Project Path="CommentsApp.Domain/CommentsApp.Domain.csproj" />
  <Project Path="CommentsApp.Infrastructure/CommentsApp.Infrastructure.csproj" />
  <Project Path="CommentsApp.Persistence/CommentsApp.Persistence.csproj" />
  <Project Path="CommentsApp.Web/CommentsApp.Web.csproj" />
</Solution>
